
Microsoft Visual Studio Solution File, Format Version 12.00
# Visual Studio Version 17
VisualStudioVersion = 17.2.32616.157
MinimumVisualStudioVersion = 10.0.40219.1
Project("{9A19103F-16F7-4668-BE54-9A1E7A4F7556}") = "WinFormsProjeto", "WinFormsProjeto\WinFormsProjeto.csproj", "{BE4DDB9D-5B76-4E99-8CBE-BECB76DAB045}"
EndProject
Project("{FAE04EC0-301F-11D3-BF4B-00C04F79EFBC}") = "WpfLibrary", "WpfLibrary\WpfLibrary.csproj", "{87AB3AED-05D6-4013-9899-BF1E3482AC56}"
EndProject
Global
	GlobalSection(SolutionConfigurationPlatforms) = preSolution
		Debug|Any CPU = Debug|Any CPU
		Release|Any CPU = Release|Any CPU
	EndGlobalSection
	GlobalSection(ProjectConfigurationPlatforms) = postSolution
		{BE4DDB9D-5B76-4E99-8CBE-BECB76DAB045}.Debug|Any CPU.ActiveCfg = Debug|Any CPU
		{BE4DDB9D-5B76-4E99-8CBE-BECB76DAB045}.Debug|Any CPU.Build.0 = Debug|Any CPU
		{BE4DDB9D-5B76-4E99-8CBE-BECB76DAB045}.Release|Any CPU.ActiveCfg = Release|Any CPU
		{BE4DDB9D-5B76-4E99-8CBE-BECB76DAB045}.Release|Any CPU.Build.0 = Release|Any CPU
		{87AB3AED-05D6-4013-9899-BF1E3482AC56}.Debug|Any CPU.ActiveCfg = Debug|Any CPU
		{87AB3AED-05D6-4013-9899-BF1E3482AC56}.Debug|Any CPU.Build.0 = Debug|Any CPU
		{87AB3AED-05D6-4013-9899-BF1E3482AC56}.Release|Any CPU.ActiveCfg = Release|Any CPU
		{87AB3AED-05D6-4013-9899-BF1E3482AC56}.Release|Any CPU.Build.0 = Release|Any CPU
	EndGlobalSection
	GlobalSection(SolutionProperties) = preSolution
		HideSolutionNode = FALSE
	EndGlobalSection
	GlobalSection(ExtensibilityGlobals) = postSolution
		SolutionGuid = {4E306AD9-85E3-456D-B8BE-744FD55F528F}
	EndGlobalSection
EndGlobal
